
Microsoft Visual Studio Solution File, Format Version 12.00
# Visual Studio Version 17
VisualStudioVersion = 17.4.33403.182
MinimumVisualStudioVersion = 10.0.40219.1
Project("{FAE04EC0-301F-11D3-BF4B-00C04F79EFBC}") = "P.Test", "P.Test\P.Test.csproj", "{BF99326C-96E9-418D-9059-259D8987B00C}"
EndProject
Project("{9A19103F-16F7-4668-BE54-9A1E7A4F7556}") = "P.Core.Http", "P.Core.Http\P.Core.Http.csproj", "{008458B1-690B-4743-9347-263E74B3EDD3}"
EndProject
Project("{FAE04EC0-301F-11D3-BF4B-00C04F79EFBC}") = "P.Core.WeChatApi", "P.Core.WeChatApi\P.Core.WeChatApi.csproj", "{6D97B0F6-5F08-4B31-AE32-3AD0ACE30944}"
EndProject
Project("{FAE04EC0-301F-11D3-BF4B-00C04F79EFBC}") = "P.Core.ChatGptApi", "P.Core.ChatGptApi\P.Core.ChatGptApi.csproj", "{5ADF4ADB-BCE0-47D4-9D6E-3793F94FA0F4}"
EndProject
Project("{FAE04EC0-301F-11D3-BF4B-00C04F79EFBC}") = "P.Core.Nlog", "P.Core.Nlog\P.Core.Nlog.csproj", "{3D156D2C-D3F6-4E0F-97F6-F9387E755C2A}"
EndProject
Project("{FAE04EC0-301F-11D3-BF4B-00C04F79EFBC}") = "P.Core.Ip", "P.Core.Ip\P.Core.Ip.csproj", "{EBFEFA7D-39F0-48C7-8E12-A755A90D9025}"
EndProject
Project("{FAE04EC0-301F-11D3-BF4B-00C04F79EFBC}") = "P.Netstandard21.Http", "P.Netstandard21.Http\P.Netstandard21.Http.csproj", "{DFFC0AF1-8CB9-4518-9613-0EA6EEFDA1AF}"
EndProject
Global
	GlobalSection(SolutionConfigurationPlatforms) = preSolution
		Debug|Any CPU = Debug|Any CPU
		Release|Any CPU = Release|Any CPU
	EndGlobalSection
	GlobalSection(ProjectConfigurationPlatforms) = postSolution
		{BF99326C-96E9-418D-9059-259D8987B00C}.Debug|Any CPU.ActiveCfg = Debug|Any CPU
		{BF99326C-96E9-418D-9059-259D8987B00C}.Debug|Any CPU.Build.0 = Debug|Any CPU
		{BF99326C-96E9-418D-9059-259D8987B00C}.Release|Any CPU.ActiveCfg = Release|Any CPU
		{BF99326C-96E9-418D-9059-259D8987B00C}.Release|Any CPU.Build.0 = Release|Any CPU
		{008458B1-690B-4743-9347-263E74B3EDD3}.Debug|Any CPU.ActiveCfg = Debug|Any CPU
		{008458B1-690B-4743-9347-263E74B3EDD3}.Debug|Any CPU.Build.0 = Debug|Any CPU
		{008458B1-690B-4743-9347-263E74B3EDD3}.Release|Any CPU.ActiveCfg = Release|Any CPU
		{008458B1-690B-4743-9347-263E74B3EDD3}.Release|Any CPU.Build.0 = Release|Any CPU
		{6D97B0F6-5F08-4B31-AE32-3AD0ACE30944}.Debug|Any CPU.ActiveCfg = Debug|Any CPU
		{6D97B0F6-5F08-4B31-AE32-3AD0ACE30944}.Debug|Any CPU.Build.0 = Debug|Any CPU
		{6D97B0F6-5F08-4B31-AE32-3AD0ACE30944}.Release|Any CPU.ActiveCfg = Release|Any CPU
		{6D97B0F6-5F08-4B31-AE32-3AD0ACE30944}.Release|Any CPU.Build.0 = Release|Any CPU
		{5ADF4ADB-BCE0-47D4-9D6E-3793F94FA0F4}.Debug|Any CPU.ActiveCfg = Debug|Any CPU
		{5ADF4ADB-BCE0-47D4-9D6E-3793F94FA0F4}.Debug|Any CPU.Build.0 = Debug|Any CPU
		{5ADF4ADB-BCE0-47D4-9D6E-3793F94FA0F4}.Release|Any CPU.ActiveCfg = Release|Any CPU
		{5ADF4ADB-BCE0-47D4-9D6E-3793F94FA0F4}.Release|Any CPU.Build.0 = Release|Any CPU
		{3D156D2C-D3F6-4E0F-97F6-F9387E755C2A}.Debug|Any CPU.ActiveCfg = Debug|Any CPU
		{3D156D2C-D3F6-4E0F-97F6-F9387E755C2A}.Debug|Any CPU.Build.0 = Debug|Any CPU
		{3D156D2C-D3F6-4E0F-97F6-F9387E755C2A}.Release|Any CPU.ActiveCfg = Release|Any CPU
		{3D156D2C-D3F6-4E0F-97F6-F9387E755C2A}.Release|Any CPU.Build.0 = Release|Any CPU
		{EBFEFA7D-39F0-48C7-8E12-A755A90D9025}.Debug|Any CPU.ActiveCfg = Debug|Any CPU
		{EBFEFA7D-39F0-48C7-8E12-A755A90D9025}.Debug|Any CPU.Build.0 = Debug|Any CPU
		{EBFEFA7D-39F0-48C7-8E12-A755A90D9025}.Release|Any CPU.ActiveCfg = Release|Any CPU
		{EBFEFA7D-39F0-48C7-8E12-A755A90D9025}.Release|Any CPU.Build.0 = Release|Any CPU
		{DFFC0AF1-8CB9-4518-9613-0EA6EEFDA1AF}.Debug|Any CPU.ActiveCfg = Debug|Any CPU
		{DFFC0AF1-8CB9-4518-9613-0EA6EEFDA1AF}.Debug|Any CPU.Build.0 = Debug|Any CPU
		{DFFC0AF1-8CB9-4518-9613-0EA6EEFDA1AF}.Release|Any CPU.ActiveCfg = Release|Any CPU
		{DFFC0AF1-8CB9-4518-9613-0EA6EEFDA1AF}.Release|Any CPU.Build.0 = Release|Any CPU
	EndGlobalSection
	GlobalSection(SolutionProperties) = preSolution
		HideSolutionNode = FALSE
	EndGlobalSection
	GlobalSection(ExtensibilityGlobals) = postSolution
		SolutionGuid = {6777C4CC-2C04-4C02-A460-3F74CDEED705}
	EndGlobalSection
EndGlobal
